
Microsoft Visual Studio Solution File, Format Version 12.00
# Visual Studio Version 17
VisualStudioVersion = 17.3.32929.385
MinimumVisualStudioVersion = 10.0.40219.1
Project("{FAE04EC0-301F-11D3-BF4B-00C04F79EFBC}") = "DevTrackR", "DevTrackR\DevTrackR.csproj", "{0483DCB2-8F6A-4F97-8978-0754BD913D4E}"
EndProject
Global
	GlobalSection(SolutionConfigurationPlatforms) = preSolution
		Debug|Any CPU = Debug|Any CPU
		Release|Any CPU = Release|Any CPU
	EndGlobalSection
	GlobalSection(ProjectConfigurationPlatforms) = postSolution
		{0483DCB2-8F6A-4F97-8978-0754BD913D4E}.Debug|Any CPU.ActiveCfg = Debug|Any CPU
		{0483DCB2-8F6A-4F97-8978-0754BD913D4E}.Debug|Any CPU.Build.0 = Debug|Any CPU
		{0483DCB2-8F6A-4F97-8978-0754BD913D4E}.Release|Any CPU.ActiveCfg = Release|Any CPU
		{0483DCB2-8F6A-4F97-8978-0754BD913D4E}.Release|Any CPU.Build.0 = Release|Any CPU
	EndGlobalSection
	GlobalSection(SolutionProperties) = preSolution
		HideSolutionNode = FALSE
	EndGlobalSection
	GlobalSection(ExtensibilityGlobals) = postSolution
		SolutionGuid = {872F8F16-B8CA-4F2D-8DB3-99B316CF7AF4}
	EndGlobalSection
EndGlobal
